
Microsoft Visual Studio Solution File, Format Version 12.00
# Visual Studio 15
VisualStudioVersion = 15.0.28307.136
MinimumVisualStudioVersion = 10.0.40219.1
Project("{8BC9CEB8-8B4A-11D0-8D11-00A0C91BC942}") = "GDICapture", "GDICapture\GDICapture.vcxproj", "{3EE3280E-F34B-4DA7-AFDF-83AAF1C818C0}"
EndProject
Global
	GlobalSection(SolutionConfigurationPlatforms) = preSolution
		Debug|x64 = Debug|x64
		Debug|x86 = Debug|x86
		Release|x64 = Release|x64
		Release|x86 = Release|x86
	EndGlobalSection
	GlobalSection(ProjectConfigurationPlatforms) = postSolution
		{3EE3280E-F34B-4DA7-AFDF-83AAF1C818C0}.Debug|x64.ActiveCfg = Debug|x64
		{3EE3280E-F34B-4DA7-AFDF-83AAF1C818C0}.Debug|x64.Build.0 = Debug|x64
		{3EE3280E-F34B-4DA7-AFDF-83AAF1C818C0}.Debug|x86.ActiveCfg = Debug|Win32
		{3EE3280E-F34B-4DA7-AFDF-83AAF1C818C0}.Debug|x86.Build.0 = Debug|Win32
		{3EE3280E-F34B-4DA7-AFDF-83AAF1C818C0}.Release|x64.ActiveCfg = Release|x64
		{3EE3280E-F34B-4DA7-AFDF-83AAF1C818C0}.Release|x64.Build.0 = Release|x64
		{3EE3280E-F34B-4DA7-AFDF-83AAF1C818C0}.Release|x86.ActiveCfg = Release|Win32
		{3EE3280E-F34B-4DA7-AFDF-83AAF1C818C0}.Release|x86.Build.0 = Release|Win32
	EndGlobalSection
	GlobalSection(SolutionProperties) = preSolution
		HideSolutionNode = FALSE
	EndGlobalSection
	GlobalSection(ExtensibilityGlobals) = postSolution
		SolutionGuid = {93377BA5-57E7-43EA-A78C-8EAD22EDC54D}
	EndGlobalSection
EndGlobal
